
Microsoft Visual Studio Solution File, Format Version 12.00
# Visual Studio Version 17
VisualStudioVersion = 17.14.36511.14
MinimumVisualStudioVersion = 10.0.40219.1
Project("{FAE04EC0-301F-11D3-BF4B-00C04F79EFBC}") = "ClientStreamApp", "ClientStreamApp\ClientStreamApp.csproj", "{15DA03FA-0F5C-4CBF-88A4-9A1DB92D41D6}"
EndProject
Global
	GlobalSection(SolutionConfigurationPlatforms) = preSolution
		Debug|Any CPU = Debug|Any CPU
		Release|Any CPU = Release|Any CPU
	EndGlobalSection
	GlobalSection(ProjectConfigurationPlatforms) = postSolution
		{15DA03FA-0F5C-4CBF-88A4-9A1DB92D41D6}.Debug|Any CPU.ActiveCfg = Debug|Any CPU
		{15DA03FA-0F5C-4CBF-88A4-9A1DB92D41D6}.Debug|Any CPU.Build.0 = Debug|Any CPU
		{15DA03FA-0F5C-4CBF-88A4-9A1DB92D41D6}.Release|Any CPU.ActiveCfg = Release|Any CPU
		{15DA03FA-0F5C-4CBF-88A4-9A1DB92D41D6}.Release|Any CPU.Build.0 = Release|Any CPU
	EndGlobalSection
	GlobalSection(SolutionProperties) = preSolution
		HideSolutionNode = FALSE
	EndGlobalSection
	GlobalSection(ExtensibilityGlobals) = postSolution
		SolutionGuid = {8BFB8F68-48A1-49B7-9FE3-3F1C7CAAC4B7}
	EndGlobalSection
EndGlobal
